// !$*UTF8*$!
{
	archiveVersion = 1;
	classes = {
	};
	objectVersion = 54;
	objects = {

/* Begin PBXBuildFile section */
		882266EC27B2658C00501312 /* GrandaLocketApp.swift in Sources */ = {isa = PBXBuildFile; fileRef = 882266EB27B2658C00501312 /* GrandaLocketApp.swift */; };
		882266F027B2658F00501312 /* Assets.xcassets in Resources */ = {isa = PBXBuildFile; fileRef = 882266EF27B2658F00501312 /* Assets.xcassets */; };
		882266F327B2658F00501312 /* Preview Assets.xcassets in Resources */ = {isa = PBXBuildFile; fileRef = 882266F227B2658F00501312 /* Preview Assets.xcassets */; };
		884D538027B58FF500C23FF5 /* VideoProvider.swift in Sources */ = {isa = PBXBuildFile; fileRef = 884D537F27B58FF500C23FF5 /* VideoProvider.swift */; };
		884D538B27BA78FE00C23FF5 /* TextLocketStyle.swift in Sources */ = {isa = PBXBuildFile; fileRef = 884D538A27BA78FE00C23FF5 /* TextLocketStyle.swift */; };
		884D538D27BA9E4F00C23FF5 /* TextViewBackground.swift in Sources */ = {isa = PBXBuildFile; fileRef = 884D538C27BA9E4F00C23FF5 /* TextViewBackground.swift */; };
		884D538F27BAA37100C23FF5 /* TextLocketStylePicker.swift in Sources */ = {isa = PBXBuildFile; fileRef = 884D538E27BAA37000C23FF5 /* TextLocketStylePicker.swift */; };
		884D539227BAA49900C23FF5 /* Color++.swift in Sources */ = {isa = PBXBuildFile; fileRef = 884D539127BAA49900C23FF5 /* Color++.swift */; };
		884D539427BAAA1900C23FF5 /* AnyTransition++.swift in Sources */ = {isa = PBXBuildFile; fileRef = 884D539327BAAA1900C23FF5 /* AnyTransition++.swift */; };
		885FD99027BF353900D57C09 /* FirebaseAppCheck in Frameworks */ = {isa = PBXBuildFile; productRef = 885FD98F27BF353900D57C09 /* FirebaseAppCheck */; };
		886A463F27BBBD5B00B6290A /* HealthyPersonTextEditor.swift in Sources */ = {isa = PBXBuildFile; fileRef = 886A463E27BBBD5B00B6290A /* HealthyPersonTextEditor.swift */; };
		9201AAC027BBCEEC00842557 /* AppDestination.swift in Sources */ = {isa = PBXBuildFile; fileRef = 9201AABF27BBCEEC00842557 /* AppDestination.swift */; };
		922F74A727BD208A00E03453 /* ContactInfo.swift in Sources */ = {isa = PBXBuildFile; fileRef = 922F74A627BD208A00E03453 /* ContactInfo.swift */; };
		922F74A927BD223400E03453 /* ContactsView.swift in Sources */ = {isa = PBXBuildFile; fileRef = 922F74A827BD223400E03453 /* ContactsView.swift */; };
		922F74AB27BE75F000E03453 /* FooterViews.swift in Sources */ = {isa = PBXBuildFile; fileRef = 922F74AA27BE75F000E03453 /* FooterViews.swift */; };
		922F74AD27BE823F00E03453 /* UIApplication+keyWindow.swift in Sources */ = {isa = PBXBuildFile; fileRef = 922F74AC27BE823E00E03453 /* UIApplication+keyWindow.swift */; };
		922F74AF27BE876600E03453 /* LargeCapsuleButtonStyle.swift in Sources */ = {isa = PBXBuildFile; fileRef = 922F74AE27BE876600E03453 /* LargeCapsuleButtonStyle.swift */; };
		922F74B127BE910300E03453 /* SmallCapsuleButtonStyle.swift in Sources */ = {isa = PBXBuildFile; fileRef = 922F74B027BE910300E03453 /* SmallCapsuleButtonStyle.swift */; };
		922F74B427BE9C4400E03453 /* UserService.swift in Sources */ = {isa = PBXBuildFile; fileRef = 922F74B327BE9C4400E03453 /* UserService.swift */; };
		922F74B727BE9CF000E03453 /* FirebaseFirestore in Frameworks */ = {isa = PBXBuildFile; productRef = 922F74B627BE9CF000E03453 /* FirebaseFirestore */; };
		922F74B927BE9CFC00E03453 /* FirebaseFirestoreSwift-Beta in Frameworks */ = {isa = PBXBuildFile; productRef = 922F74B827BE9CFC00E03453 /* FirebaseFirestoreSwift-Beta */; };
		92664A5327B50850006C860E /* BlurView.swift in Sources */ = {isa = PBXBuildFile; fileRef = 92664A5227B5084F006C860E /* BlurView.swift */; };
		92664A5527B51CA6006C860E /* MainView.swift in Sources */ = {isa = PBXBuildFile; fileRef = 92664A5427B51CA6006C860E /* MainView.swift */; };
		92AEBD5027BA945100654E4B /* SmsView.swift in Sources */ = {isa = PBXBuildFile; fileRef = 92AEBD4F27BA945100654E4B /* SmsView.swift */; };
		92BFAE2627BBBC77003A4672 /* OTPManager.swift in Sources */ = {isa = PBXBuildFile; fileRef = 92BFAE2527BBBC77003A4672 /* OTPManager.swift */; };
		92BFAE2927BBBD5B003A4672 /* OTPStatusAuth.swift in Sources */ = {isa = PBXBuildFile; fileRef = 92BFAE2827BBBD5B003A4672 /* OTPStatusAuth.swift */; };
		92C2084727BBD53F00D92C85 /* ContentView.swift in Sources */ = {isa = PBXBuildFile; fileRef = 92C2084627BBD53F00D92C85 /* ContentView.swift */; };
		92C5E68B27BD12FB00C6276A /* ConnectView.swift in Sources */ = {isa = PBXBuildFile; fileRef = 92C5E68A27BD12FB00C6276A /* ConnectView.swift */; };
		92CC9FDA27BA65B0009C7AB7 /* ALSHauss-Medium.ttf in Resources */ = {isa = PBXBuildFile; fileRef = 92CC9FD927BA65B0009C7AB7 /* ALSHauss-Medium.ttf */; };
		92CC9FE527BA663B009C7AB7 /* ALSHauss-Light.ttf in Resources */ = {isa = PBXBuildFile; fileRef = 92CC9FDB27BA663B009C7AB7 /* ALSHauss-Light.ttf */; };
		92CC9FE627BA663B009C7AB7 /* ALSHauss-Bold.ttf in Resources */ = {isa = PBXBuildFile; fileRef = 92CC9FDC27BA663B009C7AB7 /* ALSHauss-Bold.ttf */; };
		92CC9FE727BA663B009C7AB7 /* ALSHauss-Book.ttf in Resources */ = {isa = PBXBuildFile; fileRef = 92CC9FDD27BA663B009C7AB7 /* ALSHauss-Book.ttf */; };
		92CC9FE827BA663B009C7AB7 /* ALSHauss-BoldItalic.ttf in Resources */ = {isa = PBXBuildFile; fileRef = 92CC9FDE27BA663B009C7AB7 /* ALSHauss-BoldItalic.ttf */; };
		92CC9FE927BA663B009C7AB7 /* ALSHauss-HairlineItalic.ttf in Resources */ = {isa = PBXBuildFile; fileRef = 92CC9FDF27BA663B009C7AB7 /* ALSHauss-HairlineItalic.ttf */; };
		92CC9FEA27BA663B009C7AB7 /* ALSHauss-LightItalic.ttf in Resources */ = {isa = PBXBuildFile; fileRef = 92CC9FE027BA663B009C7AB7 /* ALSHauss-LightItalic.ttf */; };
		92CC9FEB27BA663B009C7AB7 /* ALSHauss-BlackItalic.ttf in Resources */ = {isa = PBXBuildFile; fileRef = 92CC9FE127BA663B009C7AB7 /* ALSHauss-BlackItalic.ttf */; };
		92CC9FEC27BA663B009C7AB7 /* ALSHauss-BookItalic.ttf in Resources */ = {isa = PBXBuildFile; fileRef = 92CC9FE227BA663B009C7AB7 /* ALSHauss-BookItalic.ttf */; };
		92CC9FED27BA663B009C7AB7 /* ALSHauss-Black.ttf in Resources */ = {isa = PBXBuildFile; fileRef = 92CC9FE327BA663B009C7AB7 /* ALSHauss-Black.ttf */; };
		92CC9FEE27BA663B009C7AB7 /* ALSHauss-Hairline.ttf in Resources */ = {isa = PBXBuildFile; fileRef = 92CC9FE427BA663B009C7AB7 /* ALSHauss-Hairline.ttf */; };
		92CC9FF427BA6649009C7AB7 /* ALSHauss-Regular.ttf in Resources */ = {isa = PBXBuildFile; fileRef = 92CC9FEF27BA6648009C7AB7 /* ALSHauss-Regular.ttf */; };
		92CC9FF527BA6649009C7AB7 /* ALSHauss-ThinItalic.ttf in Resources */ = {isa = PBXBuildFile; fileRef = 92CC9FF027BA6649009C7AB7 /* ALSHauss-ThinItalic.ttf */; };
		92CC9FF627BA6649009C7AB7 /* ALSHauss-Thin.ttf in Resources */ = {isa = PBXBuildFile; fileRef = 92CC9FF127BA6649009C7AB7 /* ALSHauss-Thin.ttf */; };
		92CC9FF727BA6649009C7AB7 /* ALSHauss-RegularItalic.ttf in Resources */ = {isa = PBXBuildFile; fileRef = 92CC9FF227BA6649009C7AB7 /* ALSHauss-RegularItalic.ttf */; };
		92CC9FF827BA6649009C7AB7 /* ALSHauss-MediumItalic.ttf in Resources */ = {isa = PBXBuildFile; fileRef = 92CC9FF327BA6649009C7AB7 /* ALSHauss-MediumItalic.ttf */; };
		92D0238627B27A5C00099E69 /* FirebaseAuth in Frameworks */ = {isa = PBXBuildFile; productRef = 92D0238527B27A5C00099E69 /* FirebaseAuth */; };
		92D0238827B27A5C00099E69 /* FirebaseAuthCombine-Community in Frameworks */ = {isa = PBXBuildFile; productRef = 92D0238727B27A5C00099E69 /* FirebaseAuthCombine-Community */; };
		92D0238A27B27A5C00099E69 /* FirebaseCrashlytics in Frameworks */ = {isa = PBXBuildFile; productRef = 92D0238927B27A5C00099E69 /* FirebaseCrashlytics */; };
		92D0238C27B27D2100099E69 /* AppDelegate.swift in Sources */ = {isa = PBXBuildFile; fileRef = 92D0238B27B27D2100099E69 /* AppDelegate.swift */; };
		92D0239527B28E1F00099E69 /* ImageResizer.swift in Sources */ = {isa = PBXBuildFile; fileRef = 92D0239027B28E1E00099E69 /* ImageResizer.swift */; };
		92D0239627B28E1F00099E69 /* CameraService.swift in Sources */ = {isa = PBXBuildFile; fileRef = 92D0239127B28E1E00099E69 /* CameraService.swift */; };
		92D0239727B28E1F00099E69 /* PhotoCaptureProcessor.swift in Sources */ = {isa = PBXBuildFile; fileRef = 92D0239227B28E1E00099E69 /* PhotoCaptureProcessor.swift */; };
		92D0239827B28E1F00099E69 /* CameraService+Enums.swift in Sources */ = {isa = PBXBuildFile; fileRef = 92D0239327B28E1E00099E69 /* CameraService+Enums.swift */; };
		92D0239927B28E1F00099E69 /* CameraService+Extensions.swift in Sources */ = {isa = PBXBuildFile; fileRef = 92D0239427B28E1E00099E69 /* CameraService+Extensions.swift */; };
		92D0239D27B28E9500099E69 /* CameraView.swift in Sources */ = {isa = PBXBuildFile; fileRef = 92D0239C27B28E9500099E69 /* CameraView.swift */; };
		92D023A127B3F8BF00099E69 /* Extensions.swift in Sources */ = {isa = PBXBuildFile; fileRef = 92D023A027B3F8BE00099E69 /* Extensions.swift */; };
		92D023A327B40C3600099E69 /* LocketMode.swift in Sources */ = {isa = PBXBuildFile; fileRef = 92D023A227B40C3600099E69 /* LocketMode.swift */; };
		92E51C5627B2694900FEE370 /* GoogleService-Info.plist in Resources */ = {isa = PBXBuildFile; fileRef = 92E51C5527B2694900FEE370 /* GoogleService-Info.plist */; };
		92E9C96C27C38A8E002A7501 /* CarouselComponents.swift in Sources */ = {isa = PBXBuildFile; fileRef = 92E9C96B27C38A8E002A7501 /* CarouselComponents.swift */; };
		92E9C96F27C38F28002A7501 /* ContactGeneralFunctions.swift in Sources */ = {isa = PBXBuildFile; fileRef = 92E9C96E27C38F28002A7501 /* ContactGeneralFunctions.swift */; };
		92FBDACC27B5971C0062A9A7 /* CameraModel.swift in Sources */ = {isa = PBXBuildFile; fileRef = 92FBDACB27B5971B0062A9A7 /* CameraModel.swift */; };
		92FBDACE27B59C280062A9A7 /* PickerView.swift in Sources */ = {isa = PBXBuildFile; fileRef = 92FBDACD27B59C280062A9A7 /* PickerView.swift */; };
		92FBDAD127B699820062A9A7 /* PhoneNumberView.swift in Sources */ = {isa = PBXBuildFile; fileRef = 92FBDAD027B699820062A9A7 /* PhoneNumberView.swift */; };
		92FBDAD427B6B4B30062A9A7 /* PhoneNumberKit in Frameworks */ = {isa = PBXBuildFile; productRef = 92FBDAD327B6B4B30062A9A7 /* PhoneNumberKit */; };
		C12357A527BD2B4E0093D55E /* Palette.swift in Sources */ = {isa = PBXBuildFile; fileRef = C12357A427BD2B4E0093D55E /* Palette.swift */; };
		C12357A827BEA0930093D55E /* Typography.swift in Sources */ = {isa = PBXBuildFile; fileRef = C12357A727BEA0930093D55E /* Typography.swift */; };
/* End PBXBuildFile section */

/* Begin PBXFileReference section */
		882266E827B2658C00501312 /* GrandaLocket.app */ = {isa = PBXFileReference; explicitFileType = wrapper.application; includeInIndex = 0; path = GrandaLocket.app; sourceTree = BUILT_PRODUCTS_DIR; };
		882266EB27B2658C00501312 /* GrandaLocketApp.swift */ = {isa = PBXFileReference; lastKnownFileType = sourcecode.swift; path = GrandaLocketApp.swift; sourceTree = "<group>"; };
		882266EF27B2658F00501312 /* Assets.xcassets */ = {isa = PBXFileReference; lastKnownFileType = folder.assetcatalog; path = Assets.xcassets; sourceTree = "<group>"; };
		882266F227B2658F00501312 /* Preview Assets.xcassets */ = {isa = PBXFileReference; lastKnownFileType = folder.assetcatalog; path = "Preview Assets.xcassets"; sourceTree = "<group>"; };
		882266FD27B2C5D900501312 /* Info.plist */ = {isa = PBXFileReference; fileEncoding = 4; lastKnownFileType = text.plist.xml; path = Info.plist; sourceTree = "<group>"; };
		884D537F27B58FF500C23FF5 /* VideoProvider.swift */ = {isa = PBXFileReference; lastKnownFileType = sourcecode.swift; path = VideoProvider.swift; sourceTree = "<group>"; };
		884D538A27BA78FE00C23FF5 /* TextLocketStyle.swift */ = {isa = PBXFileReference; lastKnownFileType = sourcecode.swift; path = TextLocketStyle.swift; sourceTree = "<group>"; };
		884D538C27BA9E4F00C23FF5 /* TextViewBackground.swift */ = {isa = PBXFileReference; lastKnownFileType = sourcecode.swift; path = TextViewBackground.swift; sourceTree = "<group>"; };
		884D538E27BAA37000C23FF5 /* TextLocketStylePicker.swift */ = {isa = PBXFileReference; lastKnownFileType = sourcecode.swift; path = TextLocketStylePicker.swift; sourceTree = "<group>"; };
		884D539127BAA49900C23FF5 /* Color++.swift */ = {isa = PBXFileReference; lastKnownFileType = sourcecode.swift; path = "Color++.swift"; sourceTree = "<group>"; };
		884D539327BAAA1900C23FF5 /* AnyTransition++.swift */ = {isa = PBXFileReference; lastKnownFileType = sourcecode.swift; path = "AnyTransition++.swift"; sourceTree = "<group>"; };
		886A463E27BBBD5B00B6290A /* HealthyPersonTextEditor.swift */ = {isa = PBXFileReference; lastKnownFileType = sourcecode.swift; path = HealthyPersonTextEditor.swift; sourceTree = "<group>"; };
		9201AABF27BBCEEC00842557 /* AppDestination.swift */ = {isa = PBXFileReference; lastKnownFileType = sourcecode.swift; path = AppDestination.swift; sourceTree = "<group>"; };
		922F74A627BD208A00E03453 /* ContactInfo.swift */ = {isa = PBXFileReference; lastKnownFileType = sourcecode.swift; path = ContactInfo.swift; sourceTree = "<group>"; };
		922F74A827BD223400E03453 /* ContactsView.swift */ = {isa = PBXFileReference; lastKnownFileType = sourcecode.swift; path = ContactsView.swift; sourceTree = "<group>"; };
		922F74AA27BE75F000E03453 /* FooterViews.swift */ = {isa = PBXFileReference; lastKnownFileType = sourcecode.swift; path = FooterViews.swift; sourceTree = "<group>"; };
		922F74AC27BE823E00E03453 /* UIApplication+keyWindow.swift */ = {isa = PBXFileReference; lastKnownFileType = sourcecode.swift; path = "UIApplication+keyWindow.swift"; sourceTree = "<group>"; };
		922F74AE27BE876600E03453 /* LargeCapsuleButtonStyle.swift */ = {isa = PBXFileReference; lastKnownFileType = sourcecode.swift; path = LargeCapsuleButtonStyle.swift; sourceTree = "<group>"; };
		922F74B027BE910300E03453 /* SmallCapsuleButtonStyle.swift */ = {isa = PBXFileReference; lastKnownFileType = sourcecode.swift; path = SmallCapsuleButtonStyle.swift; sourceTree = "<group>"; };
		922F74B327BE9C4400E03453 /* UserService.swift */ = {isa = PBXFileReference; lastKnownFileType = sourcecode.swift; path = UserService.swift; sourceTree = "<group>"; };
		92664A5227B5084F006C860E /* BlurView.swift */ = {isa = PBXFileReference; lastKnownFileType = sourcecode.swift; path = BlurView.swift; sourceTree = "<group>"; };
		92664A5427B51CA6006C860E /* MainView.swift */ = {isa = PBXFileReference; lastKnownFileType = sourcecode.swift; path = MainView.swift; sourceTree = "<group>"; };
		92AEBD4F27BA945100654E4B /* SmsView.swift */ = {isa = PBXFileReference; lastKnownFileType = sourcecode.swift; path = SmsView.swift; sourceTree = "<group>"; };
		92BFAE2527BBBC77003A4672 /* OTPManager.swift */ = {isa = PBXFileReference; lastKnownFileType = sourcecode.swift; path = OTPManager.swift; sourceTree = "<group>"; };
		92BFAE2827BBBD5B003A4672 /* OTPStatusAuth.swift */ = {isa = PBXFileReference; lastKnownFileType = sourcecode.swift; path = OTPStatusAuth.swift; sourceTree = "<group>"; };
		92C2084627BBD53F00D92C85 /* ContentView.swift */ = {isa = PBXFileReference; lastKnownFileType = sourcecode.swift; path = ContentView.swift; sourceTree = "<group>"; };
		92C5E68A27BD12FB00C6276A /* ConnectView.swift */ = {isa = PBXFileReference; lastKnownFileType = sourcecode.swift; path = ConnectView.swift; sourceTree = "<group>"; };
		92CC9FD927BA65B0009C7AB7 /* ALSHauss-Medium.ttf */ = {isa = PBXFileReference; lastKnownFileType = file; path = "ALSHauss-Medium.ttf"; sourceTree = "<group>"; };
		92CC9FDB27BA663B009C7AB7 /* ALSHauss-Light.ttf */ = {isa = PBXFileReference; lastKnownFileType = file; path = "ALSHauss-Light.ttf"; sourceTree = "<group>"; };
		92CC9FDC27BA663B009C7AB7 /* ALSHauss-Bold.ttf */ = {isa = PBXFileReference; lastKnownFileType = file; path = "ALSHauss-Bold.ttf"; sourceTree = "<group>"; };
		92CC9FDD27BA663B009C7AB7 /* ALSHauss-Book.ttf */ = {isa = PBXFileReference; lastKnownFileType = file; path = "ALSHauss-Book.ttf"; sourceTree = "<group>"; };
		92CC9FDE27BA663B009C7AB7 /* ALSHauss-BoldItalic.ttf */ = {isa = PBXFileReference; lastKnownFileType = file; path = "ALSHauss-BoldItalic.ttf"; sourceTree = "<group>"; };
		92CC9FDF27BA663B009C7AB7 /* ALSHauss-HairlineItalic.ttf */ = {isa = PBXFileReference; lastKnownFileType = file; path = "ALSHauss-HairlineItalic.ttf"; sourceTree = "<group>"; };
		92CC9FE027BA663B009C7AB7 /* ALSHauss-LightItalic.ttf */ = {isa = PBXFileReference; lastKnownFileType = file; path = "ALSHauss-LightItalic.ttf"; sourceTree = "<group>"; };
		92CC9FE127BA663B009C7AB7 /* ALSHauss-BlackItalic.ttf */ = {isa = PBXFileReference; lastKnownFileType = file; path = "ALSHauss-BlackItalic.ttf"; sourceTree = "<group>"; };
		92CC9FE227BA663B009C7AB7 /* ALSHauss-BookItalic.ttf */ = {isa = PBXFileReference; lastKnownFileType = file; path = "ALSHauss-BookItalic.ttf"; sourceTree = "<group>"; };
		92CC9FE327BA663B009C7AB7 /* ALSHauss-Black.ttf */ = {isa = PBXFileReference; lastKnownFileType = file; path = "ALSHauss-Black.ttf"; sourceTree = "<group>"; };
		92CC9FE427BA663B009C7AB7 /* ALSHauss-Hairline.ttf */ = {isa = PBXFileReference; lastKnownFileType = file; path = "ALSHauss-Hairline.ttf"; sourceTree = "<group>"; };
		92CC9FEF27BA6648009C7AB7 /* ALSHauss-Regular.ttf */ = {isa = PBXFileReference; lastKnownFileType = file; path = "ALSHauss-Regular.ttf"; sourceTree = "<group>"; };
		92CC9FF027BA6649009C7AB7 /* ALSHauss-ThinItalic.ttf */ = {isa = PBXFileReference; lastKnownFileType = file; path = "ALSHauss-ThinItalic.ttf"; sourceTree = "<group>"; };
		92CC9FF127BA6649009C7AB7 /* ALSHauss-Thin.ttf */ = {isa = PBXFileReference; lastKnownFileType = file; path = "ALSHauss-Thin.ttf"; sourceTree = "<group>"; };
		92CC9FF227BA6649009C7AB7 /* ALSHauss-RegularItalic.ttf */ = {isa = PBXFileReference; lastKnownFileType = file; path = "ALSHauss-RegularItalic.ttf"; sourceTree = "<group>"; };
		92CC9FF327BA6649009C7AB7 /* ALSHauss-MediumItalic.ttf */ = {isa = PBXFileReference; lastKnownFileType = file; path = "ALSHauss-MediumItalic.ttf"; sourceTree = "<group>"; };
		92CC9FF927BA7599009C7AB7 /* GrandaLocket.entitlements */ = {isa = PBXFileReference; lastKnownFileType = text.plist.entitlements; path = GrandaLocket.entitlements; sourceTree = "<group>"; };
		92D0238B27B27D2100099E69 /* AppDelegate.swift */ = {isa = PBXFileReference; lastKnownFileType = sourcecode.swift; path = AppDelegate.swift; sourceTree = "<group>"; };
		92D0239027B28E1E00099E69 /* ImageResizer.swift */ = {isa = PBXFileReference; fileEncoding = 4; lastKnownFileType = sourcecode.swift; path = ImageResizer.swift; sourceTree = "<group>"; };
		92D0239127B28E1E00099E69 /* CameraService.swift */ = {isa = PBXFileReference; fileEncoding = 4; lastKnownFileType = sourcecode.swift; path = CameraService.swift; sourceTree = "<group>"; };
		92D0239227B28E1E00099E69 /* PhotoCaptureProcessor.swift */ = {isa = PBXFileReference; fileEncoding = 4; lastKnownFileType = sourcecode.swift; path = PhotoCaptureProcessor.swift; sourceTree = "<group>"; };
		92D0239327B28E1E00099E69 /* CameraService+Enums.swift */ = {isa = PBXFileReference; fileEncoding = 4; lastKnownFileType = sourcecode.swift; path = "CameraService+Enums.swift"; sourceTree = "<group>"; };
		92D0239427B28E1E00099E69 /* CameraService+Extensions.swift */ = {isa = PBXFileReference; fileEncoding = 4; lastKnownFileType = sourcecode.swift; path = "CameraService+Extensions.swift"; sourceTree = "<group>"; };
		92D0239C27B28E9500099E69 /* CameraView.swift */ = {isa = PBXFileReference; fileEncoding = 4; lastKnownFileType = sourcecode.swift; path = CameraView.swift; sourceTree = "<group>"; };
		92D023A027B3F8BE00099E69 /* Extensions.swift */ = {isa = PBXFileReference; lastKnownFileType = sourcecode.swift; path = Extensions.swift; sourceTree = "<group>"; };
		92D023A227B40C3600099E69 /* LocketMode.swift */ = {isa = PBXFileReference; lastKnownFileType = sourcecode.swift; path = LocketMode.swift; sourceTree = "<group>"; };
		92E51C5527B2694900FEE370 /* GoogleService-Info.plist */ = {isa = PBXFileReference; fileEncoding = 4; lastKnownFileType = text.plist.xml; path = "GoogleService-Info.plist"; sourceTree = "<group>"; };
		92E9C96B27C38A8E002A7501 /* CarouselComponents.swift */ = {isa = PBXFileReference; lastKnownFileType = sourcecode.swift; path = CarouselComponents.swift; sourceTree = "<group>"; };
		92E9C96E27C38F28002A7501 /* ContactGeneralFunctions.swift */ = {isa = PBXFileReference; lastKnownFileType = sourcecode.swift; path = ContactGeneralFunctions.swift; sourceTree = "<group>"; };
		92FBDACB27B5971B0062A9A7 /* CameraModel.swift */ = {isa = PBXFileReference; lastKnownFileType = sourcecode.swift; path = CameraModel.swift; sourceTree = "<group>"; };
		92FBDACD27B59C280062A9A7 /* PickerView.swift */ = {isa = PBXFileReference; lastKnownFileType = sourcecode.swift; path = PickerView.swift; sourceTree = "<group>"; };
		92FBDAD027B699820062A9A7 /* PhoneNumberView.swift */ = {isa = PBXFileReference; lastKnownFileType = sourcecode.swift; path = PhoneNumberView.swift; sourceTree = "<group>"; };
		C12357A427BD2B4E0093D55E /* Palette.swift */ = {isa = PBXFileReference; lastKnownFileType = sourcecode.swift; path = Palette.swift; sourceTree = "<group>"; };
		C12357A727BEA0930093D55E /* Typography.swift */ = {isa = PBXFileReference; lastKnownFileType = sourcecode.swift; path = Typography.swift; sourceTree = "<group>"; };
/* End PBXFileReference section */

/* Begin PBXFrameworksBuildPhase section */
		882266E527B2658C00501312 /* Frameworks */ = {
			isa = PBXFrameworksBuildPhase;
			buildActionMask = 2147483647;
			files = (
				92D0238A27B27A5C00099E69 /* FirebaseCrashlytics in Frameworks */,
				92FBDAD427B6B4B30062A9A7 /* PhoneNumberKit in Frameworks */,
				92D0238627B27A5C00099E69 /* FirebaseAuth in Frameworks */,
				922F74B927BE9CFC00E03453 /* FirebaseFirestoreSwift-Beta in Frameworks */,
				885FD99027BF353900D57C09 /* FirebaseAppCheck in Frameworks */,
				922F74B727BE9CF000E03453 /* FirebaseFirestore in Frameworks */,
				92D0238827B27A5C00099E69 /* FirebaseAuthCombine-Community in Frameworks */,
			);
			runOnlyForDeploymentPostprocessing = 0;
		};
/* End PBXFrameworksBuildPhase section */

/* Begin PBXGroup section */
		882266DF27B2658C00501312 = {
			isa = PBXGroup;
			children = (
				882266EA27B2658C00501312 /* GrandaLocket */,
				882266E927B2658C00501312 /* Products */,
				922F74B527BE9CF000E03453 /* Frameworks */,
			);
			sourceTree = "<group>";
		};
		882266E927B2658C00501312 /* Products */ = {
			isa = PBXGroup;
			children = (
				882266E827B2658C00501312 /* GrandaLocket.app */,
			);
			name = Products;
			sourceTree = "<group>";
		};
		882266EA27B2658C00501312 /* GrandaLocket */ = {
			isa = PBXGroup;
			children = (
				92CC9FF927BA7599009C7AB7 /* GrandaLocket.entitlements */,
				92D0238B27B27D2100099E69 /* AppDelegate.swift */,
				882266EB27B2658C00501312 /* GrandaLocketApp.swift */,
				9201AABC27BBCEAF00842557 /* CoordinatorView */,
				92664A5427B51CA6006C860E /* MainView.swift */,
				92FBDACF27B699580062A9A7 /* Login */,
				92E9C96D27C38BFF002A7501 /* Contacts */,
				92D0238F27B28DED00099E69 /* Camera */,
				884D538927BA78E600C23FF5 /* Text */,
				884D539027BAA48700C23FF5 /* Extensions */,
				C12357A627BE98E40093D55E /* DesignKit */,
				922F74B227BE9C2800E03453 /* Services */,
				92664A5227B5084F006C860E /* BlurView.swift */,
				922F74AA27BE75F000E03453 /* FooterViews.swift */,
				922F74AE27BE876600E03453 /* LargeCapsuleButtonStyle.swift */,
				922F74B027BE910300E03453 /* SmallCapsuleButtonStyle.swift */,
				92E9C96B27C38A8E002A7501 /* CarouselComponents.swift */,
				92FBDACD27B59C280062A9A7 /* PickerView.swift */,
				92D023A227B40C3600099E69 /* LocketMode.swift */,
				92CC9FD827BA6518009C7AB7 /* Fonts */,
				92E51C5527B2694900FEE370 /* GoogleService-Info.plist */,
				882266FD27B2C5D900501312 /* Info.plist */,
				882266EF27B2658F00501312 /* Assets.xcassets */,
				882266F127B2658F00501312 /* Preview Content */,
			);
			path = GrandaLocket;
			sourceTree = "<group>";
		};
		882266F127B2658F00501312 /* Preview Content */ = {
			isa = PBXGroup;
			children = (
				882266F227B2658F00501312 /* Preview Assets.xcassets */,
			);
			path = "Preview Content";
			sourceTree = "<group>";
		};
		884D538927BA78E600C23FF5 /* Text */ = {
			isa = PBXGroup;
			children = (
				884D538A27BA78FE00C23FF5 /* TextLocketStyle.swift */,
				886A463E27BBBD5B00B6290A /* HealthyPersonTextEditor.swift */,
				884D538C27BA9E4F00C23FF5 /* TextViewBackground.swift */,
				884D538E27BAA37000C23FF5 /* TextLocketStylePicker.swift */,
			);
			path = Text;
			sourceTree = "<group>";
		};
		884D539027BAA48700C23FF5 /* Extensions */ = {
			isa = PBXGroup;
			children = (
				884D539127BAA49900C23FF5 /* Color++.swift */,
				92D023A027B3F8BE00099E69 /* Extensions.swift */,
				884D539327BAAA1900C23FF5 /* AnyTransition++.swift */,
				922F74AC27BE823E00E03453 /* UIApplication+keyWindow.swift */,
			);
			path = Extensions;
			sourceTree = "<group>";
		};
		9201AABC27BBCEAF00842557 /* CoordinatorView */ = {
			isa = PBXGroup;
			children = (
				92C2084627BBD53F00D92C85 /* ContentView.swift */,
				9201AABF27BBCEEC00842557 /* AppDestination.swift */,
			);
			path = CoordinatorView;
			sourceTree = "<group>";
		};
		922F74B227BE9C2800E03453 /* Services */ = {
			isa = PBXGroup;
			children = (
				922F74B327BE9C4400E03453 /* UserService.swift */,
			);
			path = Services;
			sourceTree = "<group>";
		};
		922F74B527BE9CF000E03453 /* Frameworks */ = {
			isa = PBXGroup;
			children = (
			);
			name = Frameworks;
			sourceTree = "<group>";
		};
		92BFAE2427BBBC1D003A4672 /* Auth */ = {
			isa = PBXGroup;
			children = (
			);
			path = Auth;
			sourceTree = "<group>";
		};
		92CC9FD827BA6518009C7AB7 /* Fonts */ = {
			isa = PBXGroup;
			children = (
				92CC9FF327BA6649009C7AB7 /* ALSHauss-MediumItalic.ttf */,
				92CC9FEF27BA6648009C7AB7 /* ALSHauss-Regular.ttf */,
				92CC9FF227BA6649009C7AB7 /* ALSHauss-RegularItalic.ttf */,
				92CC9FF127BA6649009C7AB7 /* ALSHauss-Thin.ttf */,
				92CC9FF027BA6649009C7AB7 /* ALSHauss-ThinItalic.ttf */,
				92CC9FE327BA663B009C7AB7 /* ALSHauss-Black.ttf */,
				92CC9FE127BA663B009C7AB7 /* ALSHauss-BlackItalic.ttf */,
				92CC9FDC27BA663B009C7AB7 /* ALSHauss-Bold.ttf */,
				92CC9FDE27BA663B009C7AB7 /* ALSHauss-BoldItalic.ttf */,
				92CC9FDD27BA663B009C7AB7 /* ALSHauss-Book.ttf */,
				92CC9FE227BA663B009C7AB7 /* ALSHauss-BookItalic.ttf */,
				92CC9FE427BA663B009C7AB7 /* ALSHauss-Hairline.ttf */,
				92CC9FDF27BA663B009C7AB7 /* ALSHauss-HairlineItalic.ttf */,
				92CC9FDB27BA663B009C7AB7 /* ALSHauss-Light.ttf */,
				92CC9FE027BA663B009C7AB7 /* ALSHauss-LightItalic.ttf */,
				92CC9FD927BA65B0009C7AB7 /* ALSHauss-Medium.ttf */,
			);
			path = Fonts;
			sourceTree = "<group>";
		};
		92D0238F27B28DED00099E69 /* Camera */ = {
			isa = PBXGroup;
			children = (
				92D0239C27B28E9500099E69 /* CameraView.swift */,
				92FBDACB27B5971B0062A9A7 /* CameraModel.swift */,
				884D537F27B58FF500C23FF5 /* VideoProvider.swift */,
				92D0239127B28E1E00099E69 /* CameraService.swift */,
				92D0239327B28E1E00099E69 /* CameraService+Enums.swift */,
				92D0239427B28E1E00099E69 /* CameraService+Extensions.swift */,
				92D0239027B28E1E00099E69 /* ImageResizer.swift */,
				92D0239227B28E1E00099E69 /* PhotoCaptureProcessor.swift */,
			);
			path = Camera;
			sourceTree = "<group>";
		};
		92E9C96D27C38BFF002A7501 /* Contacts */ = {
			isa = PBXGroup;
			children = (
				92C5E68A27BD12FB00C6276A /* ConnectView.swift */,
				922F74A827BD223400E03453 /* ContactsView.swift */,
				922F74A627BD208A00E03453 /* ContactInfo.swift */,
				92E9C96E27C38F28002A7501 /* ContactGeneralFunctions.swift */,
			);
			path = Contacts;
			sourceTree = "<group>";
		};
		92FBDACF27B699580062A9A7 /* Login */ = {
			isa = PBXGroup;
			children = (
				92FBDAD027B699820062A9A7 /* PhoneNumberView.swift */,
				92AEBD4F27BA945100654E4B /* SmsView.swift */,
				92BFAE2827BBBD5B003A4672 /* OTPStatusAuth.swift */,
				92BFAE2527BBBC77003A4672 /* OTPManager.swift */,
				92BFAE2427BBBC1D003A4672 /* Auth */,
			);
			path = Login;
			sourceTree = "<group>";
		};
		C12357A627BE98E40093D55E /* DesignKit */ = {
			isa = PBXGroup;
			children = (
				C12357A427BD2B4E0093D55E /* Palette.swift */,
				C12357A727BEA0930093D55E /* Typography.swift */,
			);
			path = DesignKit;
			sourceTree = "<group>";
		};
/* End PBXGroup section */

/* Begin PBXNativeTarget section */
		882266E727B2658C00501312 /* GrandaLocket */ = {
			isa = PBXNativeTarget;
			buildConfigurationList = 882266F627B2658F00501312 /* Build configuration list for PBXNativeTarget "GrandaLocket" */;
			buildPhases = (
				882266E427B2658C00501312 /* Sources */,
				882266E527B2658C00501312 /* Frameworks */,
				882266E627B2658C00501312 /* Resources */,
			);
			buildRules = (
			);
			dependencies = (
			);
			name = GrandaLocket;
			packageProductDependencies = (
				92D0238527B27A5C00099E69 /* FirebaseAuth */,
				92D0238727B27A5C00099E69 /* FirebaseAuthCombine-Community */,
				92D0238927B27A5C00099E69 /* FirebaseCrashlytics */,
				92FBDAD327B6B4B30062A9A7 /* PhoneNumberKit */,
				922F74B627BE9CF000E03453 /* FirebaseFirestore */,
				922F74B827BE9CFC00E03453 /* FirebaseFirestoreSwift-Beta */,
				885FD98F27BF353900D57C09 /* FirebaseAppCheck */,
			);
			productName = GrandaLocket;
			productReference = 882266E827B2658C00501312 /* GrandaLocket.app */;
			productType = "com.apple.product-type.application";
		};
/* End PBXNativeTarget section */

/* Begin PBXProject section */
		882266E027B2658C00501312 /* Project object */ = {
			isa = PBXProject;
			attributes = {
				BuildIndependentTargetsInParallel = 1;
				LastSwiftUpdateCheck = 1320;
				LastUpgradeCheck = 1320;
				TargetAttributes = {
					882266E727B2658C00501312 = {
						CreatedOnToolsVersion = 13.2;
					};
				};
			};
			buildConfigurationList = 882266E327B2658C00501312 /* Build configuration list for PBXProject "GrandaLocket" */;
			compatibilityVersion = "Xcode 12.0";
			developmentRegion = en;
			hasScannedForEncodings = 0;
			knownRegions = (
				en,
				Base,
			);
			mainGroup = 882266DF27B2658C00501312;
			packageReferences = (
				92D0238427B27A5C00099E69 /* XCRemoteSwiftPackageReference "firebase-ios-sdk" */,
				92FBDAD227B6B4B20062A9A7 /* XCRemoteSwiftPackageReference "PhoneNumberKit" */,
			);
			productRefGroup = 882266E927B2658C00501312 /* Products */;
			projectDirPath = "";
			projectRoot = "";
			targets = (
				882266E727B2658C00501312 /* GrandaLocket */,
			);
		};
/* End PBXProject section */

/* Begin PBXResourcesBuildPhase section */
		882266E627B2658C00501312 /* Resources */ = {
			isa = PBXResourcesBuildPhase;
			buildActionMask = 2147483647;
			files = (
				92CC9FE727BA663B009C7AB7 /* ALSHauss-Book.ttf in Resources */,
				882266F327B2658F00501312 /* Preview Assets.xcassets in Resources */,
				92CC9FEB27BA663B009C7AB7 /* ALSHauss-BlackItalic.ttf in Resources */,
				92CC9FED27BA663B009C7AB7 /* ALSHauss-Black.ttf in Resources */,
				92CC9FEE27BA663B009C7AB7 /* ALSHauss-Hairline.ttf in Resources */,
				92CC9FDA27BA65B0009C7AB7 /* ALSHauss-Medium.ttf in Resources */,
				92CC9FF827BA6649009C7AB7 /* ALSHauss-MediumItalic.ttf in Resources */,
				92CC9FE827BA663B009C7AB7 /* ALSHauss-BoldItalic.ttf in Resources */,
				92CC9FE527BA663B009C7AB7 /* ALSHauss-Light.ttf in Resources */,
				882266F027B2658F00501312 /* Assets.xcassets in Resources */,
				92CC9FF727BA6649009C7AB7 /* ALSHauss-RegularItalic.ttf in Resources */,
				92CC9FF427BA6649009C7AB7 /* ALSHauss-Regular.ttf in Resources */,
				92E51C5627B2694900FEE370 /* GoogleService-Info.plist in Resources */,
				92CC9FE627BA663B009C7AB7 /* ALSHauss-Bold.ttf in Resources */,
				92CC9FEC27BA663B009C7AB7 /* ALSHauss-BookItalic.ttf in Resources */,
				92CC9FF627BA6649009C7AB7 /* ALSHauss-Thin.ttf in Resources */,
				92CC9FF527BA6649009C7AB7 /* ALSHauss-ThinItalic.ttf in Resources */,
				92CC9FE927BA663B009C7AB7 /* ALSHauss-HairlineItalic.ttf in Resources */,
				92CC9FEA27BA663B009C7AB7 /* ALSHauss-LightItalic.ttf in Resources */,
			);
			runOnlyForDeploymentPostprocessing = 0;
		};
/* End PBXResourcesBuildPhase section */

/* Begin PBXSourcesBuildPhase section */
		882266E427B2658C00501312 /* Sources */ = {
			isa = PBXSourcesBuildPhase;
			buildActionMask = 2147483647;
			files = (
				92D0239627B28E1F00099E69 /* CameraService.swift in Sources */,
				92664A5527B51CA6006C860E /* MainView.swift in Sources */,
				886A463F27BBBD5B00B6290A /* HealthyPersonTextEditor.swift in Sources */,
				922F74AB27BE75F000E03453 /* FooterViews.swift in Sources */,
				92D0239527B28E1F00099E69 /* ImageResizer.swift in Sources */,
				92D0239727B28E1F00099E69 /* PhotoCaptureProcessor.swift in Sources */,
				92D0238C27B27D2100099E69 /* AppDelegate.swift in Sources */,
				922F74A727BD208A00E03453 /* ContactInfo.swift in Sources */,
				92FBDAD127B699820062A9A7 /* PhoneNumberView.swift in Sources */,
				92664A5327B50850006C860E /* BlurView.swift in Sources */,
				C12357A527BD2B4E0093D55E /* Palette.swift in Sources */,
				92FBDACC27B5971C0062A9A7 /* CameraModel.swift in Sources */,
				C12357A827BEA0930093D55E /* Typography.swift in Sources */,
				9201AAC027BBCEEC00842557 /* AppDestination.swift in Sources */,
				884D539427BAAA1900C23FF5 /* AnyTransition++.swift in Sources */,
				884D538027B58FF500C23FF5 /* VideoProvider.swift in Sources */,
				922F74A927BD223400E03453 /* ContactsView.swift in Sources */,
				922F74B127BE910300E03453 /* SmallCapsuleButtonStyle.swift in Sources */,
				884D539227BAA49900C23FF5 /* Color++.swift in Sources */,
				884D538D27BA9E4F00C23FF5 /* TextViewBackground.swift in Sources */,
				92BFAE2927BBBD5B003A4672 /* OTPStatusAuth.swift in Sources */,
				92FBDACE27B59C280062A9A7 /* PickerView.swift in Sources */,
				922F74B427BE9C4400E03453 /* UserService.swift in Sources */,
				92D0239D27B28E9500099E69 /* CameraView.swift in Sources */,
				92BFAE2627BBBC77003A4672 /* OTPManager.swift in Sources */,
				92E9C96C27C38A8E002A7501 /* CarouselComponents.swift in Sources */,
				92D023A327B40C3600099E69 /* LocketMode.swift in Sources */,
				884D538B27BA78FE00C23FF5 /* TextLocketStyle.swift in Sources */,
				92D0239827B28E1F00099E69 /* CameraService+Enums.swift in Sources */,
				884D538F27BAA37100C23FF5 /* TextLocketStylePicker.swift in Sources */,
				92D0239927B28E1F00099E69 /* CameraService+Extensions.swift in Sources */,
				922F74AF27BE876600E03453 /* LargeCapsuleButtonStyle.swift in Sources */,
				92C5E68B27BD12FB00C6276A /* ConnectView.swift in Sources */,
				92AEBD5027BA945100654E4B /* SmsView.swift in Sources */,
				92E9C96F27C38F28002A7501 /* ContactGeneralFunctions.swift in Sources */,
				92C2084727BBD53F00D92C85 /* ContentView.swift in Sources */,
				882266EC27B2658C00501312 /* GrandaLocketApp.swift in Sources */,
				92D023A127B3F8BF00099E69 /* Extensions.swift in Sources */,
				922F74AD27BE823F00E03453 /* UIApplication+keyWindow.swift in Sources */,
			);
			runOnlyForDeploymentPostprocessing = 0;
		};
/* End PBXSourcesBuildPhase section */

/* Begin XCBuildConfiguration section */
		882266F427B2658F00501312 /* Debug */ = {
			isa = XCBuildConfiguration;
			buildSettings = {
				ALWAYS_SEARCH_USER_PATHS = NO;
				CLANG_ANALYZER_NONNULL = YES;
				CLANG_ANALYZER_NUMBER_OBJECT_CONVERSION = YES_AGGRESSIVE;
				CLANG_CXX_LANGUAGE_STANDARD = "gnu++17";
				CLANG_CXX_LIBRARY = "libc++";
				CLANG_ENABLE_MODULES = YES;
				CLANG_ENABLE_OBJC_ARC = YES;
				CLANG_ENABLE_OBJC_WEAK = YES;
				CLANG_WARN_BLOCK_CAPTURE_AUTORELEASING = YES;
				CLANG_WARN_BOOL_CONVERSION = YES;
				CLANG_WARN_COMMA = YES;
				CLANG_WARN_CONSTANT_CONVERSION = YES;
				CLANG_WARN_DEPRECATED_OBJC_IMPLEMENTATIONS = YES;
				CLANG_WARN_DIRECT_OBJC_ISA_USAGE = YES_ERROR;
				CLANG_WARN_DOCUMENTATION_COMMENTS = YES;
				CLANG_WARN_EMPTY_BODY = YES;
				CLANG_WARN_ENUM_CONVERSION = YES;
				CLANG_WARN_INFINITE_RECURSION = YES;
				CLANG_WARN_INT_CONVERSION = YES;
				CLANG_WARN_NON_LITERAL_NULL_CONVERSION = YES;
				CLANG_WARN_OBJC_IMPLICIT_RETAIN_SELF = YES;
				CLANG_WARN_OBJC_LITERAL_CONVERSION = YES;
				CLANG_WARN_OBJC_ROOT_CLASS = YES_ERROR;
				CLANG_WARN_QUOTED_INCLUDE_IN_FRAMEWORK_HEADER = YES;
				CLANG_WARN_RANGE_LOOP_ANALYSIS = YES;
				CLANG_WARN_STRICT_PROTOTYPES = YES;
				CLANG_WARN_SUSPICIOUS_MOVE = YES;
				CLANG_WARN_UNGUARDED_AVAILABILITY = YES_AGGRESSIVE;
				CLANG_WARN_UNREACHABLE_CODE = YES;
				CLANG_WARN__DUPLICATE_METHOD_MATCH = YES;
				COPY_PHASE_STRIP = NO;
				DEBUG_INFORMATION_FORMAT = dwarf;
				ENABLE_STRICT_OBJC_MSGSEND = YES;
				ENABLE_TESTABILITY = YES;
				GCC_C_LANGUAGE_STANDARD = gnu11;
				GCC_DYNAMIC_NO_PIC = NO;
				GCC_NO_COMMON_BLOCKS = YES;
				GCC_OPTIMIZATION_LEVEL = 0;
				GCC_PREPROCESSOR_DEFINITIONS = (
					"DEBUG=1",
					"$(inherited)",
				);
				GCC_WARN_64_TO_32_BIT_CONVERSION = YES;
				GCC_WARN_ABOUT_RETURN_TYPE = YES_ERROR;
				GCC_WARN_UNDECLARED_SELECTOR = YES;
				GCC_WARN_UNINITIALIZED_AUTOS = YES_AGGRESSIVE;
				GCC_WARN_UNUSED_FUNCTION = YES;
				GCC_WARN_UNUSED_VARIABLE = YES;
				IPHONEOS_DEPLOYMENT_TARGET = 15.0;
				MTL_ENABLE_DEBUG_INFO = INCLUDE_SOURCE;
				MTL_FAST_MATH = YES;
				ONLY_ACTIVE_ARCH = YES;
				SDKROOT = iphoneos;
				SWIFT_ACTIVE_COMPILATION_CONDITIONS = DEBUG;
				SWIFT_OPTIMIZATION_LEVEL = "-Onone";
			};
			name = Debug;
		};
		882266F527B2658F00501312 /* Release */ = {
			isa = XCBuildConfiguration;
			buildSettings = {
				ALWAYS_SEARCH_USER_PATHS = NO;
				CLANG_ANALYZER_NONNULL = YES;
				CLANG_ANALYZER_NUMBER_OBJECT_CONVERSION = YES_AGGRESSIVE;
				CLANG_CXX_LANGUAGE_STANDARD = "gnu++17";
				CLANG_CXX_LIBRARY = "libc++";
				CLANG_ENABLE_MODULES = YES;
				CLANG_ENABLE_OBJC_ARC = YES;
				CLANG_ENABLE_OBJC_WEAK = YES;
				CLANG_WARN_BLOCK_CAPTURE_AUTORELEASING = YES;
				CLANG_WARN_BOOL_CONVERSION = YES;
				CLANG_WARN_COMMA = YES;
				CLANG_WARN_CONSTANT_CONVERSION = YES;
				CLANG_WARN_DEPRECATED_OBJC_IMPLEMENTATIONS = YES;
				CLANG_WARN_DIRECT_OBJC_ISA_USAGE = YES_ERROR;
				CLANG_WARN_DOCUMENTATION_COMMENTS = YES;
				CLANG_WARN_EMPTY_BODY = YES;
				CLANG_WARN_ENUM_CONVERSION = YES;
				CLANG_WARN_INFINITE_RECURSION = YES;
				CLANG_WARN_INT_CONVERSION = YES;
				CLANG_WARN_NON_LITERAL_NULL_CONVERSION = YES;
				CLANG_WARN_OBJC_IMPLICIT_RETAIN_SELF = YES;
				CLANG_WARN_OBJC_LITERAL_CONVERSION = YES;
				CLANG_WARN_OBJC_ROOT_CLASS = YES_ERROR;
				CLANG_WARN_QUOTED_INCLUDE_IN_FRAMEWORK_HEADER = YES;
				CLANG_WARN_RANGE_LOOP_ANALYSIS = YES;
				CLANG_WARN_STRICT_PROTOTYPES = YES;
				CLANG_WARN_SUSPICIOUS_MOVE = YES;
				CLANG_WARN_UNGUARDED_AVAILABILITY = YES_AGGRESSIVE;
				CLANG_WARN_UNREACHABLE_CODE = YES;
				CLANG_WARN__DUPLICATE_METHOD_MATCH = YES;
				COPY_PHASE_STRIP = NO;
				DEBUG_INFORMATION_FORMAT = "dwarf-with-dsym";
				ENABLE_NS_ASSERTIONS = NO;
				ENABLE_STRICT_OBJC_MSGSEND = YES;
				GCC_C_LANGUAGE_STANDARD = gnu11;
				GCC_NO_COMMON_BLOCKS = YES;
				GCC_WARN_64_TO_32_BIT_CONVERSION = YES;
				GCC_WARN_ABOUT_RETURN_TYPE = YES_ERROR;
				GCC_WARN_UNDECLARED_SELECTOR = YES;
				GCC_WARN_UNINITIALIZED_AUTOS = YES_AGGRESSIVE;
				GCC_WARN_UNUSED_FUNCTION = YES;
				GCC_WARN_UNUSED_VARIABLE = YES;
				IPHONEOS_DEPLOYMENT_TARGET = 15.0;
				MTL_ENABLE_DEBUG_INFO = NO;
				MTL_FAST_MATH = YES;
				SDKROOT = iphoneos;
				SWIFT_COMPILATION_MODE = wholemodule;
				SWIFT_OPTIMIZATION_LEVEL = "-O";
				VALIDATE_PRODUCT = YES;
			};
			name = Release;
		};
		882266F727B2658F00501312 /* Debug */ = {
			isa = XCBuildConfiguration;
			buildSettings = {
				ASSETCATALOG_COMPILER_APPICON_NAME = AppIcon;
				ASSETCATALOG_COMPILER_GLOBAL_ACCENT_COLOR_NAME = AccentColor;
				CODE_SIGN_ENTITLEMENTS = GrandaLocket/GrandaLocket.entitlements;
				CODE_SIGN_STYLE = Automatic;
				CURRENT_PROJECT_VERSION = 1;
				DEVELOPMENT_ASSET_PATHS = "\"GrandaLocket/Preview Content\"";
				DEVELOPMENT_TEAM = XJB6H4WXH3;
				ENABLE_PREVIEWS = YES;
				GENERATE_INFOPLIST_FILE = NO;
				INFOPLIST_FILE = GrandaLocket/Info.plist;
				INFOPLIST_KEY_UIApplicationSceneManifest_Generation = YES;
				INFOPLIST_KEY_UIApplicationSupportsIndirectInputEvents = YES;
				INFOPLIST_KEY_UILaunchScreen_Generation = YES;
				INFOPLIST_KEY_UISupportedInterfaceOrientations_iPad = "UIInterfaceOrientationPortrait UIInterfaceOrientationPortraitUpsideDown UIInterfaceOrientationLandscapeLeft UIInterfaceOrientationLandscapeRight";
				INFOPLIST_KEY_UISupportedInterfaceOrientations_iPhone = "UIInterfaceOrientationPortrait UIInterfaceOrientationLandscapeLeft UIInterfaceOrientationLandscapeRight";
				LD_RUNPATH_SEARCH_PATHS = (
					"$(inherited)",
					"@executable_path/Frameworks",
				);
				PRODUCT_BUNDLE_IDENTIFIER = com.ettern0.GrandaLocket;
				PRODUCT_NAME = "$(TARGET_NAME)";
				SWIFT_EMIT_LOC_STRINGS = YES;
				SWIFT_VERSION = 5.0;
				TARGETED_DEVICE_FAMILY = 1;
				VERSIONING_SYSTEM = "apple-generic";
			};
			name = Debug;
		};
		882266F827B2658F00501312 /* Release */ = {
			isa = XCBuildConfiguration;
			buildSettings = {
				ASSETCATALOG_COMPILER_APPICON_NAME = AppIcon;
				ASSETCATALOG_COMPILER_GLOBAL_ACCENT_COLOR_NAME = AccentColor;
				CODE_SIGN_ENTITLEMENTS = GrandaLocket/GrandaLocket.entitlements;
				CODE_SIGN_IDENTITY = "iPhone Distribution";
				CODE_SIGN_STYLE = Manual;
				CURRENT_PROJECT_VERSION = 1;
				DEVELOPMENT_ASSET_PATHS = "\"GrandaLocket/Preview Content\"";
				DEVELOPMENT_TEAM = GLQY2SH5YN;
				ENABLE_PREVIEWS = YES;
				GENERATE_INFOPLIST_FILE = NO;
				INFOPLIST_FILE = GrandaLocket/Info.plist;
				INFOPLIST_KEY_UIApplicationSceneManifest_Generation = YES;
				INFOPLIST_KEY_UIApplicationSupportsIndirectInputEvents = YES;
				INFOPLIST_KEY_UILaunchScreen_Generation = YES;
				INFOPLIST_KEY_UISupportedInterfaceOrientations_iPad = "UIInterfaceOrientationPortrait UIInterfaceOrientationPortraitUpsideDown UIInterfaceOrientationLandscapeLeft UIInterfaceOrientationLandscapeRight";
				INFOPLIST_KEY_UISupportedInterfaceOrientations_iPhone = "UIInterfaceOrientationPortrait UIInterfaceOrientationLandscapeLeft UIInterfaceOrientationLandscapeRight";
				LD_RUNPATH_SEARCH_PATHS = (
					"$(inherited)",
					"@executable_path/Frameworks",
				);
				PRODUCT_BUNDLE_IDENTIFIER = com.magauran.GrandaLocket;
				PRODUCT_NAME = "$(TARGET_NAME)";
				PROVISIONING_PROFILE_SPECIFIER = "Granda Locket";
				SWIFT_EMIT_LOC_STRINGS = YES;
				SWIFT_VERSION = 5.0;
				TARGETED_DEVICE_FAMILY = 1;
				VERSIONING_SYSTEM = "apple-generic";
			};
			name = Release;
		};
		88277DA427B56F98001BB797 /* Debug [Alexey] */ = {
			isa = XCBuildConfiguration;
			buildSettings = {
				ALWAYS_SEARCH_USER_PATHS = NO;
				CLANG_ANALYZER_NONNULL = YES;
				CLANG_ANALYZER_NUMBER_OBJECT_CONVERSION = YES_AGGRESSIVE;
				CLANG_CXX_LANGUAGE_STANDARD = "gnu++17";
				CLANG_CXX_LIBRARY = "libc++";
				CLANG_ENABLE_MODULES = YES;
				CLANG_ENABLE_OBJC_ARC = YES;
				CLANG_ENABLE_OBJC_WEAK = YES;
				CLANG_WARN_BLOCK_CAPTURE_AUTORELEASING = YES;
				CLANG_WARN_BOOL_CONVERSION = YES;
				CLANG_WARN_COMMA = YES;
				CLANG_WARN_CONSTANT_CONVERSION = YES;
				CLANG_WARN_DEPRECATED_OBJC_IMPLEMENTATIONS = YES;
				CLANG_WARN_DIRECT_OBJC_ISA_USAGE = YES_ERROR;
				CLANG_WARN_DOCUMENTATION_COMMENTS = YES;
				CLANG_WARN_EMPTY_BODY = YES;
				CLANG_WARN_ENUM_CONVERSION = YES;
				CLANG_WARN_INFINITE_RECURSION = YES;
				CLANG_WARN_INT_CONVERSION = YES;
				CLANG_WARN_NON_LITERAL_NULL_CONVERSION = YES;
				CLANG_WARN_OBJC_IMPLICIT_RETAIN_SELF = YES;
				CLANG_WARN_OBJC_LITERAL_CONVERSION = YES;
				CLANG_WARN_OBJC_ROOT_CLASS = YES_ERROR;
				CLANG_WARN_QUOTED_INCLUDE_IN_FRAMEWORK_HEADER = YES;
				CLANG_WARN_RANGE_LOOP_ANALYSIS = YES;
				CLANG_WARN_STRICT_PROTOTYPES = YES;
				CLANG_WARN_SUSPICIOUS_MOVE = YES;
				CLANG_WARN_UNGUARDED_AVAILABILITY = YES_AGGRESSIVE;
				CLANG_WARN_UNREACHABLE_CODE = YES;
				CLANG_WARN__DUPLICATE_METHOD_MATCH = YES;
				COPY_PHASE_STRIP = NO;
				DEBUG_INFORMATION_FORMAT = dwarf;
				ENABLE_STRICT_OBJC_MSGSEND = YES;
				ENABLE_TESTABILITY = YES;
				GCC_C_LANGUAGE_STANDARD = gnu11;
				GCC_DYNAMIC_NO_PIC = NO;
				GCC_NO_COMMON_BLOCKS = YES;
				GCC_OPTIMIZATION_LEVEL = 0;
				GCC_PREPROCESSOR_DEFINITIONS = (
					"DEBUG=1",
					"$(inherited)",
				);
				GCC_WARN_64_TO_32_BIT_CONVERSION = YES;
				GCC_WARN_ABOUT_RETURN_TYPE = YES_ERROR;
				GCC_WARN_UNDECLARED_SELECTOR = YES;
				GCC_WARN_UNINITIALIZED_AUTOS = YES_AGGRESSIVE;
				GCC_WARN_UNUSED_FUNCTION = YES;
				GCC_WARN_UNUSED_VARIABLE = YES;
				IPHONEOS_DEPLOYMENT_TARGET = 15.0;
				MTL_ENABLE_DEBUG_INFO = INCLUDE_SOURCE;
				MTL_FAST_MATH = YES;
				ONLY_ACTIVE_ARCH = YES;
				SDKROOT = iphoneos;
				SWIFT_ACTIVE_COMPILATION_CONDITIONS = DEBUG;
				SWIFT_OPTIMIZATION_LEVEL = "-Onone";
			};
			name = "Debug [Alexey]";
		};
		88277DA527B56F98001BB797 /* Debug [Alexey] */ = {
			isa = XCBuildConfiguration;
			buildSettings = {
				ASSETCATALOG_COMPILER_APPICON_NAME = AppIcon;
				ASSETCATALOG_COMPILER_GLOBAL_ACCENT_COLOR_NAME = AccentColor;
				CODE_SIGN_ENTITLEMENTS = GrandaLocket/GrandaLocket.entitlements;
				CODE_SIGN_STYLE = Automatic;
				CURRENT_PROJECT_VERSION = 1;
				DEVELOPMENT_ASSET_PATHS = "\"GrandaLocket/Preview Content\"";
				DEVELOPMENT_TEAM = GLQY2SH5YN;
				ENABLE_PREVIEWS = YES;
				GENERATE_INFOPLIST_FILE = NO;
				INFOPLIST_FILE = GrandaLocket/Info.plist;
				INFOPLIST_KEY_UIApplicationSceneManifest_Generation = YES;
				INFOPLIST_KEY_UIApplicationSupportsIndirectInputEvents = YES;
				INFOPLIST_KEY_UILaunchScreen_Generation = YES;
				INFOPLIST_KEY_UISupportedInterfaceOrientations_iPad = "UIInterfaceOrientationPortrait UIInterfaceOrientationPortraitUpsideDown UIInterfaceOrientationLandscapeLeft UIInterfaceOrientationLandscapeRight";
				INFOPLIST_KEY_UISupportedInterfaceOrientations_iPhone = "UIInterfaceOrientationPortrait UIInterfaceOrientationLandscapeLeft UIInterfaceOrientationLandscapeRight";
				LD_RUNPATH_SEARCH_PATHS = (
					"$(inherited)",
					"@executable_path/Frameworks",
				);
				PRODUCT_BUNDLE_IDENTIFIER = com.magauran.GrandaLocket;
				PRODUCT_NAME = "$(TARGET_NAME)";
				SWIFT_EMIT_LOC_STRINGS = YES;
				SWIFT_VERSION = 5.0;
				TARGETED_DEVICE_FAMILY = 1;
				VERSIONING_SYSTEM = "apple-generic";
			};
			name = "Debug [Alexey]";
		};
/* End XCBuildConfiguration section */

/* Begin XCConfigurationList section */
		882266E327B2658C00501312 /* Build configuration list for PBXProject "GrandaLocket" */ = {
			isa = XCConfigurationList;
			buildConfigurations = (
				882266F427B2658F00501312 /* Debug */,
				88277DA427B56F98001BB797 /* Debug [Alexey] */,
				882266F527B2658F00501312 /* Release */,
			);
			defaultConfigurationIsVisible = 0;
			defaultConfigurationName = Release;
		};
		882266F627B2658F00501312 /* Build configuration list for PBXNativeTarget "GrandaLocket" */ = {
			isa = XCConfigurationList;
			buildConfigurations = (
				882266F727B2658F00501312 /* Debug */,
				88277DA527B56F98001BB797 /* Debug [Alexey] */,
				882266F827B2658F00501312 /* Release */,
			);
			defaultConfigurationIsVisible = 0;
			defaultConfigurationName = Release;
		};
/* End XCConfigurationList section */

/* Begin XCRemoteSwiftPackageReference section */
		92D0238427B27A5C00099E69 /* XCRemoteSwiftPackageReference "firebase-ios-sdk" */ = {
			isa = XCRemoteSwiftPackageReference;
			repositoryURL = "https://github.com/firebase/firebase-ios-sdk";
			requirement = {
				kind = exactVersion;
				version = 8.9.1;
			};
		};
		92FBDAD227B6B4B20062A9A7 /* XCRemoteSwiftPackageReference "PhoneNumberKit" */ = {
			isa = XCRemoteSwiftPackageReference;
			repositoryURL = "https://github.com/marmelroy/PhoneNumberKit";
			requirement = {
				kind = exactVersion;
				version = 3.3.3;
			};
		};
/* End XCRemoteSwiftPackageReference section */

/* Begin XCSwiftPackageProductDependency section */
		885FD98F27BF353900D57C09 /* FirebaseAppCheck */ = {
			isa = XCSwiftPackageProductDependency;
			package = 92D0238427B27A5C00099E69 /* XCRemoteSwiftPackageReference "firebase-ios-sdk" */;
			productName = FirebaseAppCheck;
		};
		922F74B627BE9CF000E03453 /* FirebaseFirestore */ = {
			isa = XCSwiftPackageProductDependency;
			package = 92D0238427B27A5C00099E69 /* XCRemoteSwiftPackageReference "firebase-ios-sdk" */;
			productName = FirebaseFirestore;
		};
		922F74B827BE9CFC00E03453 /* FirebaseFirestoreSwift-Beta */ = {
			isa = XCSwiftPackageProductDependency;
			package = 92D0238427B27A5C00099E69 /* XCRemoteSwiftPackageReference "firebase-ios-sdk" */;
			productName = "FirebaseFirestoreSwift-Beta";
		};
		92D0238527B27A5C00099E69 /* FirebaseAuth */ = {
			isa = XCSwiftPackageProductDependency;
			package = 92D0238427B27A5C00099E69 /* XCRemoteSwiftPackageReference "firebase-ios-sdk" */;
			productName = FirebaseAuth;
		};
		92D0238727B27A5C00099E69 /* FirebaseAuthCombine-Community */ = {
			isa = XCSwiftPackageProductDependency;
			package = 92D0238427B27A5C00099E69 /* XCRemoteSwiftPackageReference "firebase-ios-sdk" */;
			productName = "FirebaseAuthCombine-Community";
		};
		92D0238927B27A5C00099E69 /* FirebaseCrashlytics */ = {
			isa = XCSwiftPackageProductDependency;
			package = 92D0238427B27A5C00099E69 /* XCRemoteSwiftPackageReference "firebase-ios-sdk" */;
			productName = FirebaseCrashlytics;
		};
		92FBDAD327B6B4B30062A9A7 /* PhoneNumberKit */ = {
			isa = XCSwiftPackageProductDependency;
			package = 92FBDAD227B6B4B20062A9A7 /* XCRemoteSwiftPackageReference "PhoneNumberKit" */;
			productName = PhoneNumberKit;
		};
/* End XCSwiftPackageProductDependency section */
	};
	rootObject = 882266E027B2658C00501312 /* Project object */;
}
